
Microsoft Visual Studio Solution File, Format Version 11.00
# Visual Studio 2010
Project("{FAE04EC0-301F-11D3-BF4B-00C04F79EFBC}") = "Tennis.ConsoleUI", "Tennis.ConsoleUI\Tennis.ConsoleUI.csproj", "{2BE00D66-DA9E-42BA-9606-CFE38C978477}"
EndProject
Project("{FAE04EC0-301F-11D3-BF4B-00C04F79EFBC}") = "Tennis.Logic.Test", "Tennis.Game.Test\Tennis.Logic.Test.csproj", "{E3106197-B8CC-4117-A8EF-F7396C2E4B6A}"
EndProject
Project("{FAE04EC0-301F-11D3-BF4B-00C04F79EFBC}") = "Tennis.Logic", "Tennis.Logic\Tennis.Logic.csproj", "{593B2E82-C96E-459C-8B99-50DAA5F65285}"
EndProject
Project("{FAE04EC0-301F-11D3-BF4B-00C04F79EFBC}") = "Tennis.Play", "Tennis.Play\Tennis.Play.csproj", "{A38FB686-FE19-44A6-B139-18F5B7667CD8}"
EndProject
Project("{FAE04EC0-301F-11D3-BF4B-00C04F79EFBC}") = "Tennis.Play.Test", "Tennis.Play.Test\Tennis.Play.Test.csproj", "{61115220-F683-46CF-9FFC-BE7D09493588}"
EndProject
Project("{F2A71F9B-5D33-465A-A702-920D77279786}") = "Tennis.FSharp.Logic", "Tennis.FSharp.Logic\Tennis.FSharp.Logic.fsproj", "{E09DF312-3A62-499D-8996-51E3F371F5BB}"
EndProject
Project("{FAE04EC0-301F-11D3-BF4B-00C04F79EFBC}") = "Tennis.FSharp.Logic.Test", "Tennis.FSharp.Logic.Test\Tennis.FSharp.Logic.Test.csproj", "{688E99EA-CF45-425A-8B93-6BEBF2F6ADEE}"
EndProject
Project("{F2A71F9B-5D33-465A-A702-920D77279786}") = "Tennis.FSharp.Play", "Tennis.FSharp.Play\Tennis.FSharp.Play.fsproj", "{8D9129F9-96C0-46CE-B111-70CAE33EF61E}"
EndProject
Project("{FAE04EC0-301F-11D3-BF4B-00C04F79EFBC}") = "Tennis.FSharp.Play.Test", "Tennis.FSharp.Play.Test\Tennis.FSharp.Play.Test.csproj", "{004CF6D2-B68E-4067-90E5-E3E761339FB6}"
EndProject
Global
	GlobalSection(SolutionConfigurationPlatforms) = preSolution
		Debug|Any CPU = Debug|Any CPU
		Debug|Mixed Platforms = Debug|Mixed Platforms
		Debug|x86 = Debug|x86
		Release|Any CPU = Release|Any CPU
		Release|Mixed Platforms = Release|Mixed Platforms
		Release|x86 = Release|x86
	EndGlobalSection
	GlobalSection(ProjectConfigurationPlatforms) = postSolution
		{2BE00D66-DA9E-42BA-9606-CFE38C978477}.Debug|Any CPU.ActiveCfg = Debug|x86
		{2BE00D66-DA9E-42BA-9606-CFE38C978477}.Debug|Mixed Platforms.ActiveCfg = Debug|x86
		{2BE00D66-DA9E-42BA-9606-CFE38C978477}.Debug|Mixed Platforms.Build.0 = Debug|x86
		{2BE00D66-DA9E-42BA-9606-CFE38C978477}.Debug|x86.ActiveCfg = Debug|x86
		{2BE00D66-DA9E-42BA-9606-CFE38C978477}.Debug|x86.Build.0 = Debug|x86
		{2BE00D66-DA9E-42BA-9606-CFE38C978477}.Release|Any CPU.ActiveCfg = Release|x86
		{2BE00D66-DA9E-42BA-9606-CFE38C978477}.Release|Mixed Platforms.ActiveCfg = Release|x86
		{2BE00D66-DA9E-42BA-9606-CFE38C978477}.Release|Mixed Platforms.Build.0 = Release|x86
		{2BE00D66-DA9E-42BA-9606-CFE38C978477}.Release|x86.ActiveCfg = Release|x86
		{2BE00D66-DA9E-42BA-9606-CFE38C978477}.Release|x86.Build.0 = Release|x86
		{E3106197-B8CC-4117-A8EF-F7396C2E4B6A}.Debug|Any CPU.ActiveCfg = Debug|Any CPU
		{E3106197-B8CC-4117-A8EF-F7396C2E4B6A}.Debug|Any CPU.Build.0 = Debug|Any CPU
		{E3106197-B8CC-4117-A8EF-F7396C2E4B6A}.Debug|Mixed Platforms.ActiveCfg = Debug|Any CPU
		{E3106197-B8CC-4117-A8EF-F7396C2E4B6A}.Debug|Mixed Platforms.Build.0 = Debug|Any CPU
		{E3106197-B8CC-4117-A8EF-F7396C2E4B6A}.Debug|x86.ActiveCfg = Debug|Any CPU
		{E3106197-B8CC-4117-A8EF-F7396C2E4B6A}.Debug|x86.Build.0 = Debug|Any CPU
		{E3106197-B8CC-4117-A8EF-F7396C2E4B6A}.Release|Any CPU.ActiveCfg = Release|Any CPU
		{E3106197-B8CC-4117-A8EF-F7396C2E4B6A}.Release|Any CPU.Build.0 = Release|Any CPU
		{E3106197-B8CC-4117-A8EF-F7396C2E4B6A}.Release|Mixed Platforms.ActiveCfg = Release|Any CPU
		{E3106197-B8CC-4117-A8EF-F7396C2E4B6A}.Release|Mixed Platforms.Build.0 = Release|Any CPU
		{E3106197-B8CC-4117-A8EF-F7396C2E4B6A}.Release|x86.ActiveCfg = Release|Any CPU
		{E3106197-B8CC-4117-A8EF-F7396C2E4B6A}.Release|x86.Build.0 = Release|Any CPU
		{593B2E82-C96E-459C-8B99-50DAA5F65285}.Debug|Any CPU.ActiveCfg = Debug|Any CPU
		{593B2E82-C96E-459C-8B99-50DAA5F65285}.Debug|Any CPU.Build.0 = Debug|Any CPU
		{593B2E82-C96E-459C-8B99-50DAA5F65285}.Debug|Mixed Platforms.ActiveCfg = Debug|Any CPU
		{593B2E82-C96E-459C-8B99-50DAA5F65285}.Debug|Mixed Platforms.Build.0 = Debug|Any CPU
		{593B2E82-C96E-459C-8B99-50DAA5F65285}.Debug|x86.ActiveCfg = Debug|Any CPU
		{593B2E82-C96E-459C-8B99-50DAA5F65285}.Debug|x86.Build.0 = Debug|Any CPU
		{593B2E82-C96E-459C-8B99-50DAA5F65285}.Release|Any CPU.ActiveCfg = Release|Any CPU
		{593B2E82-C96E-459C-8B99-50DAA5F65285}.Release|Any CPU.Build.0 = Release|Any CPU
		{593B2E82-C96E-459C-8B99-50DAA5F65285}.Release|Mixed Platforms.ActiveCfg = Release|Any CPU
		{593B2E82-C96E-459C-8B99-50DAA5F65285}.Release|Mixed Platforms.Build.0 = Release|Any CPU
		{593B2E82-C96E-459C-8B99-50DAA5F65285}.Release|x86.ActiveCfg = Release|Any CPU
		{593B2E82-C96E-459C-8B99-50DAA5F65285}.Release|x86.Build.0 = Release|Any CPU
		{A38FB686-FE19-44A6-B139-18F5B7667CD8}.Debug|Any CPU.ActiveCfg = Debug|Any CPU
		{A38FB686-FE19-44A6-B139-18F5B7667CD8}.Debug|Any CPU.Build.0 = Debug|Any CPU
		{A38FB686-FE19-44A6-B139-18F5B7667CD8}.Debug|Mixed Platforms.ActiveCfg = Debug|Any CPU
		{A38FB686-FE19-44A6-B139-18F5B7667CD8}.Debug|Mixed Platforms.Build.0 = Debug|Any CPU
		{A38FB686-FE19-44A6-B139-18F5B7667CD8}.Debug|x86.ActiveCfg = Debug|Any CPU
		{A38FB686-FE19-44A6-B139-18F5B7667CD8}.Debug|x86.Build.0 = Debug|Any CPU
		{A38FB686-FE19-44A6-B139-18F5B7667CD8}.Release|Any CPU.ActiveCfg = Release|Any CPU
		{A38FB686-FE19-44A6-B139-18F5B7667CD8}.Release|Any CPU.Build.0 = Release|Any CPU
		{A38FB686-FE19-44A6-B139-18F5B7667CD8}.Release|Mixed Platforms.ActiveCfg = Release|Any CPU
		{A38FB686-FE19-44A6-B139-18F5B7667CD8}.Release|Mixed Platforms.Build.0 = Release|Any CPU
		{A38FB686-FE19-44A6-B139-18F5B7667CD8}.Release|x86.ActiveCfg = Release|Any CPU
		{A38FB686-FE19-44A6-B139-18F5B7667CD8}.Release|x86.Build.0 = Release|Any CPU
		{61115220-F683-46CF-9FFC-BE7D09493588}.Debug|Any CPU.ActiveCfg = Debug|Any CPU
		{61115220-F683-46CF-9FFC-BE7D09493588}.Debug|Any CPU.Build.0 = Debug|Any CPU
		{61115220-F683-46CF-9FFC-BE7D09493588}.Debug|Mixed Platforms.ActiveCfg = Debug|Any CPU
		{61115220-F683-46CF-9FFC-BE7D09493588}.Debug|Mixed Platforms.Build.0 = Debug|Any CPU
		{61115220-F683-46CF-9FFC-BE7D09493588}.Debug|x86.ActiveCfg = Debug|Any CPU
		{61115220-F683-46CF-9FFC-BE7D09493588}.Debug|x86.Build.0 = Debug|Any CPU
		{61115220-F683-46CF-9FFC-BE7D09493588}.Release|Any CPU.ActiveCfg = Release|Any CPU
		{61115220-F683-46CF-9FFC-BE7D09493588}.Release|Any CPU.Build.0 = Release|Any CPU
		{61115220-F683-46CF-9FFC-BE7D09493588}.Release|Mixed Platforms.ActiveCfg = Release|Any CPU
		{61115220-F683-46CF-9FFC-BE7D09493588}.Release|Mixed Platforms.Build.0 = Release|Any CPU
		{61115220-F683-46CF-9FFC-BE7D09493588}.Release|x86.ActiveCfg = Release|Any CPU
		{61115220-F683-46CF-9FFC-BE7D09493588}.Release|x86.Build.0 = Release|Any CPU
		{E09DF312-3A62-499D-8996-51E3F371F5BB}.Debug|Any CPU.ActiveCfg = Debug|Any CPU
		{E09DF312-3A62-499D-8996-51E3F371F5BB}.Debug|Any CPU.Build.0 = Debug|Any CPU
		{E09DF312-3A62-499D-8996-51E3F371F5BB}.Debug|Mixed Platforms.ActiveCfg = Debug|Any CPU
		{E09DF312-3A62-499D-8996-51E3F371F5BB}.Debug|Mixed Platforms.Build.0 = Debug|Any CPU
		{E09DF312-3A62-499D-8996-51E3F371F5BB}.Debug|x86.ActiveCfg = Debug|Any CPU
		{E09DF312-3A62-499D-8996-51E3F371F5BB}.Release|Any CPU.ActiveCfg = Release|Any CPU
		{E09DF312-3A62-499D-8996-51E3F371F5BB}.Release|Any CPU.Build.0 = Release|Any CPU
		{E09DF312-3A62-499D-8996-51E3F371F5BB}.Release|Mixed Platforms.ActiveCfg = Release|Any CPU
		{E09DF312-3A62-499D-8996-51E3F371F5BB}.Release|Mixed Platforms.Build.0 = Release|Any CPU
		{E09DF312-3A62-499D-8996-51E3F371F5BB}.Release|x86.ActiveCfg = Release|Any CPU
		{688E99EA-CF45-425A-8B93-6BEBF2F6ADEE}.Debug|Any CPU.ActiveCfg = Debug|Any CPU
		{688E99EA-CF45-425A-8B93-6BEBF2F6ADEE}.Debug|Any CPU.Build.0 = Debug|Any CPU
		{688E99EA-CF45-425A-8B93-6BEBF2F6ADEE}.Debug|Mixed Platforms.ActiveCfg = Debug|Any CPU
		{688E99EA-CF45-425A-8B93-6BEBF2F6ADEE}.Debug|Mixed Platforms.Build.0 = Debug|Any CPU
		{688E99EA-CF45-425A-8B93-6BEBF2F6ADEE}.Debug|x86.ActiveCfg = Debug|Any CPU
		{688E99EA-CF45-425A-8B93-6BEBF2F6ADEE}.Release|Any CPU.ActiveCfg = Release|Any CPU
		{688E99EA-CF45-425A-8B93-6BEBF2F6ADEE}.Release|Any CPU.Build.0 = Release|Any CPU
		{688E99EA-CF45-425A-8B93-6BEBF2F6ADEE}.Release|Mixed Platforms.ActiveCfg = Release|Any CPU
		{688E99EA-CF45-425A-8B93-6BEBF2F6ADEE}.Release|Mixed Platforms.Build.0 = Release|Any CPU
		{688E99EA-CF45-425A-8B93-6BEBF2F6ADEE}.Release|x86.ActiveCfg = Release|Any CPU
		{8D9129F9-96C0-46CE-B111-70CAE33EF61E}.Debug|Any CPU.ActiveCfg = Debug|Any CPU
		{8D9129F9-96C0-46CE-B111-70CAE33EF61E}.Debug|Any CPU.Build.0 = Debug|Any CPU
		{8D9129F9-96C0-46CE-B111-70CAE33EF61E}.Debug|Mixed Platforms.ActiveCfg = Debug|Any CPU
		{8D9129F9-96C0-46CE-B111-70CAE33EF61E}.Debug|Mixed Platforms.Build.0 = Debug|Any CPU
		{8D9129F9-96C0-46CE-B111-70CAE33EF61E}.Debug|x86.ActiveCfg = Debug|Any CPU
		{8D9129F9-96C0-46CE-B111-70CAE33EF61E}.Release|Any CPU.ActiveCfg = Release|Any CPU
		{8D9129F9-96C0-46CE-B111-70CAE33EF61E}.Release|Any CPU.Build.0 = Release|Any CPU
		{8D9129F9-96C0-46CE-B111-70CAE33EF61E}.Release|Mixed Platforms.ActiveCfg = Release|Any CPU
		{8D9129F9-96C0-46CE-B111-70CAE33EF61E}.Release|Mixed Platforms.Build.0 = Release|Any CPU
		{8D9129F9-96C0-46CE-B111-70CAE33EF61E}.Release|x86.ActiveCfg = Release|Any CPU
		{004CF6D2-B68E-4067-90E5-E3E761339FB6}.Debug|Any CPU.ActiveCfg = Debug|Any CPU
		{004CF6D2-B68E-4067-90E5-E3E761339FB6}.Debug|Any CPU.Build.0 = Debug|Any CPU
		{004CF6D2-B68E-4067-90E5-E3E761339FB6}.Debug|Mixed Platforms.ActiveCfg = Debug|Any CPU
		{004CF6D2-B68E-4067-90E5-E3E761339FB6}.Debug|Mixed Platforms.Build.0 = Debug|Any CPU
		{004CF6D2-B68E-4067-90E5-E3E761339FB6}.Debug|x86.ActiveCfg = Debug|Any CPU
		{004CF6D2-B68E-4067-90E5-E3E761339FB6}.Release|Any CPU.ActiveCfg = Release|Any CPU
		{004CF6D2-B68E-4067-90E5-E3E761339FB6}.Release|Any CPU.Build.0 = Release|Any CPU
		{004CF6D2-B68E-4067-90E5-E3E761339FB6}.Release|Mixed Platforms.ActiveCfg = Release|Any CPU
		{004CF6D2-B68E-4067-90E5-E3E761339FB6}.Release|Mixed Platforms.Build.0 = Release|Any CPU
		{004CF6D2-B68E-4067-90E5-E3E761339FB6}.Release|x86.ActiveCfg = Release|Any CPU
	EndGlobalSection
	GlobalSection(SolutionProperties) = preSolution
		HideSolutionNode = FALSE
	EndGlobalSection
	GlobalSection(MonoDevelopProperties) = preSolution
		StartupItem = Tennis.ConsoleUI\Tennis.ConsoleUI.csproj
	EndGlobalSection
EndGlobal
